// !$*UTF8*$!
{
	archiveVersion = 1;
	classes = {
	};
	objectVersion = 56;
	objects = {

/* Begin PBXBuildFile section */
		1196C1EE2B9A27340050E795 /* regionList.swift in Sources */ = {isa = PBXBuildFile; fileRef = 1196C1ED2B9A27340050E795 /* regionList.swift */; };
		11D04CE82BD2D06200572D85 /* trunk.png in Resources */ = {isa = PBXBuildFile; fileRef = 11D04CE72BD2D06200572D85 /* trunk.png */; };
		476EED502B6D586A008D8824 /* ExerciseList.swift in Sources */ = {isa = PBXBuildFile; fileRef = 476EED4F2B6D586A008D8824 /* ExerciseList.swift */; };
		47CC74A32B850AE600740A81 /* WebKitView.swift in Sources */ = {isa = PBXBuildFile; fileRef = 47CC74A22B850AE600740A81 /* WebKitView.swift */; };
		4A071DC72BF506BF001BFC3C /* LogInView.swift in Sources */ = {isa = PBXBuildFile; fileRef = 4A071DC62BF506BF001BFC3C /* LogInView.swift */; };
		4A4E217D2B6D51C100A40944 /* JointView.swift in Sources */ = {isa = PBXBuildFile; fileRef = 4A4E217C2B6D51C100A40944 /* JointView.swift */; };
		4AAFB06E2BF269AA00C01BB1 /* SignInView.swift in Sources */ = {isa = PBXBuildFile; fileRef = 4AAFB06D2BF269AA00C01BB1 /* SignInView.swift */; };
		6900B4B22BFB7D3100CF33F9 /* TabView.swift in Sources */ = {isa = PBXBuildFile; fileRef = 6900B4B12BFB7D3100CF33F9 /* TabView.swift */; };
		6900B4B42BFB7D5600CF33F9 /* UserPage.swift in Sources */ = {isa = PBXBuildFile; fileRef = 6900B4B32BFB7D5600CF33F9 /* UserPage.swift */; };
		6900B4B62BFB7DF200CF33F9 /* addVideo.swift in Sources */ = {isa = PBXBuildFile; fileRef = 6900B4B52BFB7DF200CF33F9 /* addVideo.swift */; };
		6900B4B82BFB854B00CF33F9 /* LoggedInModel.swift in Sources */ = {isa = PBXBuildFile; fileRef = 6900B4B72BFB854B00CF33F9 /* LoggedInModel.swift */; };
		69BEFEAC2C062E55000A1B26 /* AuthenticationManager.swift in Sources */ = {isa = PBXBuildFile; fileRef = 69BEFEAB2C062E55000A1B26 /* AuthenticationManager.swift */; };
		69BEFEAE2C062E88000A1B26 /* FirebaseAuth in Frameworks */ = {isa = PBXBuildFile; productRef = 69BEFEAD2C062E88000A1B26 /* FirebaseAuth */; };
		69BEFEB02C0630CF000A1B26 /* RootView.swift in Sources */ = {isa = PBXBuildFile; fileRef = 69BEFEAF2C0630CF000A1B26 /* RootView.swift */; };
		69F306112BED2C170032773F /* FirebaseDatabase in Frameworks */ = {isa = PBXBuildFile; productRef = 69F306102BED2C170032773F /* FirebaseDatabase */; };
		69F306132BED2C170032773F /* FirebaseDatabaseSwift in Frameworks */ = {isa = PBXBuildFile; productRef = 69F306122BED2C170032773F /* FirebaseDatabaseSwift */; };
		BE67FD462B35DB5D004C38F1 /* MobilityandRehabApp.swift in Sources */ = {isa = PBXBuildFile; fileRef = BE67FD452B35DB5D004C38F1 /* MobilityandRehabApp.swift */; };
		BE67FD482B35DB5D004C38F1 /* ContentView.swift in Sources */ = {isa = PBXBuildFile; fileRef = BE67FD472B35DB5D004C38F1 /* ContentView.swift */; };
		BE67FD4A2B35DB61004C38F1 /* Assets.xcassets in Resources */ = {isa = PBXBuildFile; fileRef = BE67FD492B35DB61004C38F1 /* Assets.xcassets */; };
		BE67FD4D2B35DB61004C38F1 /* Preview Assets.xcassets in Resources */ = {isa = PBXBuildFile; fileRef = BE67FD4C2B35DB61004C38F1 /* Preview Assets.xcassets */; };
		BE67FD542B35E1D7004C38F1 /* ExerciseModel.swift in Sources */ = {isa = PBXBuildFile; fileRef = BE67FD532B35E1D7004C38F1 /* ExerciseModel.swift */; };
		BE67FD562B35E4B3004C38F1 /* RehabViewModel.swift in Sources */ = {isa = PBXBuildFile; fileRef = BE67FD552B35E4B3004C38F1 /* RehabViewModel.swift */; };
		D90C06342B6D52E700667E60 /* ExerciseView.swift in Sources */ = {isa = PBXBuildFile; fileRef = D90C06332B6D52E700667E60 /* ExerciseView.swift */; };
		D91E60CC2B5ADEA8005ED4CB /* GoogleService-Info.plist in Resources */ = {isa = PBXBuildFile; fileRef = D91E60CB2B5ADEA8005ED4CB /* GoogleService-Info.plist */; };
/* End PBXBuildFile section */

/* Begin PBXFileReference section */
		1196C1ED2B9A27340050E795 /* regionList.swift */ = {isa = PBXFileReference; lastKnownFileType = sourcecode.swift; path = regionList.swift; sourceTree = "<group>"; };
		11D04CE72BD2D06200572D85 /* trunk.png */ = {isa = PBXFileReference; lastKnownFileType = image.png; path = trunk.png; sourceTree = "<group>"; };
		476EED4F2B6D586A008D8824 /* ExerciseList.swift */ = {isa = PBXFileReference; lastKnownFileType = sourcecode.swift; path = ExerciseList.swift; sourceTree = "<group>"; };
		47CC74A22B850AE600740A81 /* WebKitView.swift */ = {isa = PBXFileReference; lastKnownFileType = sourcecode.swift; path = WebKitView.swift; sourceTree = "<group>"; };
		4A071DC62BF506BF001BFC3C /* LogInView.swift */ = {isa = PBXFileReference; lastKnownFileType = sourcecode.swift; path = LogInView.swift; sourceTree = "<group>"; };
		4A4E217C2B6D51C100A40944 /* JointView.swift */ = {isa = PBXFileReference; lastKnownFileType = sourcecode.swift; path = JointView.swift; sourceTree = "<group>"; };
		4AAFB06D2BF269AA00C01BB1 /* SignInView.swift */ = {isa = PBXFileReference; lastKnownFileType = sourcecode.swift; path = SignInView.swift; sourceTree = "<group>"; };
		6900B4B12BFB7D3100CF33F9 /* TabView.swift */ = {isa = PBXFileReference; lastKnownFileType = sourcecode.swift; path = TabView.swift; sourceTree = "<group>"; };
		6900B4B32BFB7D5600CF33F9 /* UserPage.swift */ = {isa = PBXFileReference; lastKnownFileType = sourcecode.swift; path = UserPage.swift; sourceTree = "<group>"; };
		6900B4B52BFB7DF200CF33F9 /* addVideo.swift */ = {isa = PBXFileReference; lastKnownFileType = sourcecode.swift; path = addVideo.swift; sourceTree = "<group>"; };
		6900B4B72BFB854B00CF33F9 /* LoggedInModel.swift */ = {isa = PBXFileReference; lastKnownFileType = sourcecode.swift; path = LoggedInModel.swift; sourceTree = "<group>"; };
		69BEFEAB2C062E55000A1B26 /* AuthenticationManager.swift */ = {isa = PBXFileReference; lastKnownFileType = sourcecode.swift; path = AuthenticationManager.swift; sourceTree = "<group>"; };
		69BEFEAF2C0630CF000A1B26 /* RootView.swift */ = {isa = PBXFileReference; lastKnownFileType = sourcecode.swift; path = RootView.swift; sourceTree = "<group>"; };
		BE67FD422B35DB5D004C38F1 /* MobilityandRehab.app */ = {isa = PBXFileReference; explicitFileType = wrapper.application; includeInIndex = 0; path = MobilityandRehab.app; sourceTree = BUILT_PRODUCTS_DIR; };
		BE67FD452B35DB5D004C38F1 /* MobilityandRehabApp.swift */ = {isa = PBXFileReference; lastKnownFileType = sourcecode.swift; path = MobilityandRehabApp.swift; sourceTree = "<group>"; };
		BE67FD472B35DB5D004C38F1 /* ContentView.swift */ = {isa = PBXFileReference; lastKnownFileType = sourcecode.swift; path = ContentView.swift; sourceTree = "<group>"; };
		BE67FD492B35DB61004C38F1 /* Assets.xcassets */ = {isa = PBXFileReference; lastKnownFileType = folder.assetcatalog; path = Assets.xcassets; sourceTree = "<group>"; };
		BE67FD4C2B35DB61004C38F1 /* Preview Assets.xcassets */ = {isa = PBXFileReference; lastKnownFileType = folder.assetcatalog; path = "Preview Assets.xcassets"; sourceTree = "<group>"; };
		BE67FD532B35E1D7004C38F1 /* ExerciseModel.swift */ = {isa = PBXFileReference; lastKnownFileType = sourcecode.swift; path = ExerciseModel.swift; sourceTree = "<group>"; };
		BE67FD552B35E4B3004C38F1 /* RehabViewModel.swift */ = {isa = PBXFileReference; lastKnownFileType = sourcecode.swift; path = RehabViewModel.swift; sourceTree = "<group>"; };
		D90C06332B6D52E700667E60 /* ExerciseView.swift */ = {isa = PBXFileReference; lastKnownFileType = sourcecode.swift; path = ExerciseView.swift; sourceTree = "<group>"; };
		D91E60CB2B5ADEA8005ED4CB /* GoogleService-Info.plist */ = {isa = PBXFileReference; fileEncoding = 4; lastKnownFileType = text.plist.xml; path = "GoogleService-Info.plist"; sourceTree = "<group>"; };
/* End PBXFileReference section */

/* Begin PBXFrameworksBuildPhase section */
		BE67FD3F2B35DB5D004C38F1 /* Frameworks */ = {
			isa = PBXFrameworksBuildPhase;
			buildActionMask = 2147483647;
			files = (
				69F306132BED2C170032773F /* FirebaseDatabaseSwift in Frameworks */,
				69BEFEAE2C062E88000A1B26 /* FirebaseAuth in Frameworks */,
				69F306112BED2C170032773F /* FirebaseDatabase in Frameworks */,
			);
			runOnlyForDeploymentPostprocessing = 0;
		};
/* End PBXFrameworksBuildPhase section */

/* Begin PBXGroup section */
		69F3060F2BED2C170032773F /* Frameworks */ = {
			isa = PBXGroup;
			children = (
			);
			name = Frameworks;
			sourceTree = "<group>";
		};
		BE67FD392B35DB5D004C38F1 = {
			isa = PBXGroup;
			children = (
				BE67FD442B35DB5D004C38F1 /* MobilityandRehab */,
				BE67FD432B35DB5D004C38F1 /* Products */,
				69F3060F2BED2C170032773F /* Frameworks */,
			);
			sourceTree = "<group>";
		};
		BE67FD432B35DB5D004C38F1 /* Products */ = {
			isa = PBXGroup;
			children = (
				BE67FD422B35DB5D004C38F1 /* MobilityandRehab.app */,
			);
			name = Products;
			sourceTree = "<group>";
		};
		BE67FD442B35DB5D004C38F1 /* MobilityandRehab */ = {
			isa = PBXGroup;
			children = (
				BE67FD452B35DB5D004C38F1 /* MobilityandRehabApp.swift */,
				1196C1ED2B9A27340050E795 /* regionList.swift */,
				6900B4B52BFB7DF200CF33F9 /* addVideo.swift */,
				6900B4B12BFB7D3100CF33F9 /* TabView.swift */,
				6900B4B32BFB7D5600CF33F9 /* UserPage.swift */,
				BE67FD472B35DB5D004C38F1 /* ContentView.swift */,
				69BEFEAF2C0630CF000A1B26 /* RootView.swift */,
				69BEFEAB2C062E55000A1B26 /* AuthenticationManager.swift */,
				47CC74A22B850AE600740A81 /* WebKitView.swift */,
				BE67FD532B35E1D7004C38F1 /* ExerciseModel.swift */,
				6900B4B72BFB854B00CF33F9 /* LoggedInModel.swift */,
				BE67FD552B35E4B3004C38F1 /* RehabViewModel.swift */,
				D90C06332B6D52E700667E60 /* ExerciseView.swift */,
				4A4E217C2B6D51C100A40944 /* JointView.swift */,
				476EED4F2B6D586A008D8824 /* ExerciseList.swift */,
				4A071DC62BF506BF001BFC3C /* LogInView.swift */,
				4AAFB06D2BF269AA00C01BB1 /* SignInView.swift */,
				BE67FD492B35DB61004C38F1 /* Assets.xcassets */,
				11D04CE72BD2D06200572D85 /* trunk.png */,
				BE67FD4B2B35DB61004C38F1 /* Preview Content */,
				D91E60CB2B5ADEA8005ED4CB /* GoogleService-Info.plist */,
			);
			path = MobilityandRehab;
			sourceTree = "<group>";
		};
		BE67FD4B2B35DB61004C38F1 /* Preview Content */ = {
			isa = PBXGroup;
			children = (
				BE67FD4C2B35DB61004C38F1 /* Preview Assets.xcassets */,
			);
			path = "Preview Content";
			sourceTree = "<group>";
		};
/* End PBXGroup section */

/* Begin PBXNativeTarget section */
		BE67FD412B35DB5D004C38F1 /* MobilityandRehab */ = {
			isa = PBXNativeTarget;
			buildConfigurationList = BE67FD502B35DB61004C38F1 /* Build configuration list for PBXNativeTarget "MobilityandRehab" */;
			buildPhases = (
				BE67FD3E2B35DB5D004C38F1 /* Sources */,
				BE67FD3F2B35DB5D004C38F1 /* Frameworks */,
				BE67FD402B35DB5D004C38F1 /* Resources */,
			);
			buildRules = (
			);
			dependencies = (
			);
			name = MobilityandRehab;
			packageProductDependencies = (
				69F306102BED2C170032773F /* FirebaseDatabase */,
				69F306122BED2C170032773F /* FirebaseDatabaseSwift */,
				69BEFEAD2C062E88000A1B26 /* FirebaseAuth */,
			);
			productName = MobilityandRehab;
			productReference = BE67FD422B35DB5D004C38F1 /* MobilityandRehab.app */;
			productType = "com.apple.product-type.application";
		};
/* End PBXNativeTarget section */

/* Begin PBXProject section */
		BE67FD3A2B35DB5D004C38F1 /* Project object */ = {
			isa = PBXProject;
			attributes = {
				BuildIndependentTargetsInParallel = 1;
				LastSwiftUpdateCheck = 1500;
				LastUpgradeCheck = 1500;
				TargetAttributes = {
					BE67FD412B35DB5D004C38F1 = {
						CreatedOnToolsVersion = 15.0.1;
					};
				};
			};
			buildConfigurationList = BE67FD3D2B35DB5D004C38F1 /* Build configuration list for PBXProject "MobilityandRehab3" */;
			compatibilityVersion = "Xcode 14.0";
			developmentRegion = en;
			hasScannedForEncodings = 0;
			knownRegions = (
				en,
				Base,
			);
			mainGroup = BE67FD392B35DB5D004C38F1;
			packageReferences = (
				D91E60CD2B5ADF85005ED4CB /* XCRemoteSwiftPackageReference "firebase-ios-sdk" */,
			);
			productRefGroup = BE67FD432B35DB5D004C38F1 /* Products */;
			projectDirPath = "";
			projectRoot = "";
			targets = (
				BE67FD412B35DB5D004C38F1 /* MobilityandRehab */,
			);
		};
/* End PBXProject section */

/* Begin PBXResourcesBuildPhase section */
		BE67FD402B35DB5D004C38F1 /* Resources */ = {
			isa = PBXResourcesBuildPhase;
			buildActionMask = 2147483647;
			files = (
				11D04CE82BD2D06200572D85 /* trunk.png in Resources */,
				BE67FD4D2B35DB61004C38F1 /* Preview Assets.xcassets in Resources */,
				BE67FD4A2B35DB61004C38F1 /* Assets.xcassets in Resources */,
				D91E60CC2B5ADEA8005ED4CB /* GoogleService-Info.plist in Resources */,
			);
			runOnlyForDeploymentPostprocessing = 0;
		};
/* End PBXResourcesBuildPhase section */

/* Begin PBXSourcesBuildPhase section */
		BE67FD3E2B35DB5D004C38F1 /* Sources */ = {
			isa = PBXSourcesBuildPhase;
			buildActionMask = 2147483647;
			files = (
				476EED502B6D586A008D8824 /* ExerciseList.swift in Sources */,
				69BEFEAC2C062E55000A1B26 /* AuthenticationManager.swift in Sources */,
				6900B4B42BFB7D5600CF33F9 /* UserPage.swift in Sources */,
				69BEFEB02C0630CF000A1B26 /* RootView.swift in Sources */,
				47CC74A32B850AE600740A81 /* WebKitView.swift in Sources */,
				BE67FD482B35DB5D004C38F1 /* ContentView.swift in Sources */,
				BE67FD562B35E4B3004C38F1 /* RehabViewModel.swift in Sources */,
				4AAFB06E2BF269AA00C01BB1 /* SignInView.swift in Sources */,
				1196C1EE2B9A27340050E795 /* regionList.swift in Sources */,
				BE67FD462B35DB5D004C38F1 /* MobilityandRehabApp.swift in Sources */,
				BE67FD542B35E1D7004C38F1 /* ExerciseModel.swift in Sources */,
				D90C06342B6D52E700667E60 /* ExerciseView.swift in Sources */,
				6900B4B82BFB854B00CF33F9 /* LoggedInModel.swift in Sources */,
				4A4E217D2B6D51C100A40944 /* JointView.swift in Sources */,
				6900B4B62BFB7DF200CF33F9 /* addVideo.swift in Sources */,
				6900B4B22BFB7D3100CF33F9 /* TabView.swift in Sources */,
				4A071DC72BF506BF001BFC3C /* LogInView.swift in Sources */,
			);
			runOnlyForDeploymentPostprocessing = 0;
		};
/* End PBXSourcesBuildPhase section */

/* Begin XCBuildConfiguration section */
		BE67FD4E2B35DB61004C38F1 /* Debug */ = {
			isa = XCBuildConfiguration;
			buildSettings = {
				ALWAYS_SEARCH_USER_PATHS = NO;
				ASSETCATALOG_COMPILER_GENERATE_SWIFT_ASSET_SYMBOL_EXTENSIONS = YES;
				CLANG_ANALYZER_NONNULL = YES;
				CLANG_ANALYZER_NUMBER_OBJECT_CONVERSION = YES_AGGRESSIVE;
				CLANG_CXX_LANGUAGE_STANDARD = "gnu++20";
				CLANG_ENABLE_MODULES = YES;
				CLANG_ENABLE_OBJC_ARC = YES;
				CLANG_ENABLE_OBJC_WEAK = YES;
				CLANG_WARN_BLOCK_CAPTURE_AUTORELEASING = YES;
				CLANG_WARN_BOOL_CONVERSION = YES;
				CLANG_WARN_COMMA = YES;
				CLANG_WARN_CONSTANT_CONVERSION = YES;
				CLANG_WARN_DEPRECATED_OBJC_IMPLEMENTATIONS = YES;
				CLANG_WARN_DIRECT_OBJC_ISA_USAGE = YES_ERROR;
				CLANG_WARN_DOCUMENTATION_COMMENTS = YES;
				CLANG_WARN_EMPTY_BODY = YES;
				CLANG_WARN_ENUM_CONVERSION = YES;
				CLANG_WARN_INFINITE_RECURSION = YES;
				CLANG_WARN_INT_CONVERSION = YES;
				CLANG_WARN_NON_LITERAL_NULL_CONVERSION = YES;
				CLANG_WARN_OBJC_IMPLICIT_RETAIN_SELF = YES;
				CLANG_WARN_OBJC_LITERAL_CONVERSION = YES;
				CLANG_WARN_OBJC_ROOT_CLASS = YES_ERROR;
				CLANG_WARN_QUOTED_INCLUDE_IN_FRAMEWORK_HEADER = YES;
				CLANG_WARN_RANGE_LOOP_ANALYSIS = YES;
				CLANG_WARN_STRICT_PROTOTYPES = YES;
				CLANG_WARN_SUSPICIOUS_MOVE = YES;
				CLANG_WARN_UNGUARDED_AVAILABILITY = YES_AGGRESSIVE;
				CLANG_WARN_UNREACHABLE_CODE = YES;
				CLANG_WARN__DUPLICATE_METHOD_MATCH = YES;
				COPY_PHASE_STRIP = NO;
				DEBUG_INFORMATION_FORMAT = dwarf;
				ENABLE_STRICT_OBJC_MSGSEND = YES;
				ENABLE_TESTABILITY = YES;
				ENABLE_USER_SCRIPT_SANDBOXING = YES;
				GCC_C_LANGUAGE_STANDARD = gnu17;
				GCC_DYNAMIC_NO_PIC = NO;
				GCC_NO_COMMON_BLOCKS = YES;
				GCC_OPTIMIZATION_LEVEL = 0;
				GCC_PREPROCESSOR_DEFINITIONS = (
					"DEBUG=1",
					"$(inherited)",
				);
				GCC_WARN_64_TO_32_BIT_CONVERSION = YES;
				GCC_WARN_ABOUT_RETURN_TYPE = YES_ERROR;
				GCC_WARN_UNDECLARED_SELECTOR = YES;
				GCC_WARN_UNINITIALIZED_AUTOS = YES_AGGRESSIVE;
				GCC_WARN_UNUSED_FUNCTION = YES;
				GCC_WARN_UNUSED_VARIABLE = YES;
				IPHONEOS_DEPLOYMENT_TARGET = 17.0;
				LOCALIZATION_PREFERS_STRING_CATALOGS = YES;
				MTL_ENABLE_DEBUG_INFO = INCLUDE_SOURCE;
				MTL_FAST_MATH = YES;
				ONLY_ACTIVE_ARCH = YES;
				SDKROOT = iphoneos;
				SWIFT_ACTIVE_COMPILATION_CONDITIONS = "DEBUG $(inherited)";
				SWIFT_OPTIMIZATION_LEVEL = "-Onone";
			};
			name = Debug;
		};
		BE67FD4F2B35DB61004C38F1 /* Release */ = {
			isa = XCBuildConfiguration;
			buildSettings = {
				ALWAYS_SEARCH_USER_PATHS = NO;
				ASSETCATALOG_COMPILER_GENERATE_SWIFT_ASSET_SYMBOL_EXTENSIONS = YES;
				CLANG_ANALYZER_NONNULL = YES;
				CLANG_ANALYZER_NUMBER_OBJECT_CONVERSION = YES_AGGRESSIVE;
				CLANG_CXX_LANGUAGE_STANDARD = "gnu++20";
				CLANG_ENABLE_MODULES = YES;
				CLANG_ENABLE_OBJC_ARC = YES;
				CLANG_ENABLE_OBJC_WEAK = YES;
				CLANG_WARN_BLOCK_CAPTURE_AUTORELEASING = YES;
				CLANG_WARN_BOOL_CONVERSION = YES;
				CLANG_WARN_COMMA = YES;
				CLANG_WARN_CONSTANT_CONVERSION = YES;
				CLANG_WARN_DEPRECATED_OBJC_IMPLEMENTATIONS = YES;
				CLANG_WARN_DIRECT_OBJC_ISA_USAGE = YES_ERROR;
				CLANG_WARN_DOCUMENTATION_COMMENTS = YES;
				CLANG_WARN_EMPTY_BODY = YES;
				CLANG_WARN_ENUM_CONVERSION = YES;
				CLANG_WARN_INFINITE_RECURSION = YES;
				CLANG_WARN_INT_CONVERSION = YES;
				CLANG_WARN_NON_LITERAL_NULL_CONVERSION = YES;
				CLANG_WARN_OBJC_IMPLICIT_RETAIN_SELF = YES;
				CLANG_WARN_OBJC_LITERAL_CONVERSION = YES;
				CLANG_WARN_OBJC_ROOT_CLASS = YES_ERROR;
				CLANG_WARN_QUOTED_INCLUDE_IN_FRAMEWORK_HEADER = YES;
				CLANG_WARN_RANGE_LOOP_ANALYSIS = YES;
				CLANG_WARN_STRICT_PROTOTYPES = YES;
				CLANG_WARN_SUSPICIOUS_MOVE = YES;
				CLANG_WARN_UNGUARDED_AVAILABILITY = YES_AGGRESSIVE;
				CLANG_WARN_UNREACHABLE_CODE = YES;
				CLANG_WARN__DUPLICATE_METHOD_MATCH = YES;
				COPY_PHASE_STRIP = NO;
				DEBUG_INFORMATION_FORMAT = "dwarf-with-dsym";
				ENABLE_NS_ASSERTIONS = NO;
				ENABLE_STRICT_OBJC_MSGSEND = YES;
				ENABLE_USER_SCRIPT_SANDBOXING = YES;
				GCC_C_LANGUAGE_STANDARD = gnu17;
				GCC_NO_COMMON_BLOCKS = YES;
				GCC_WARN_64_TO_32_BIT_CONVERSION = YES;
				GCC_WARN_ABOUT_RETURN_TYPE = YES_ERROR;
				GCC_WARN_UNDECLARED_SELECTOR = YES;
				GCC_WARN_UNINITIALIZED_AUTOS = YES_AGGRESSIVE;
				GCC_WARN_UNUSED_FUNCTION = YES;
				GCC_WARN_UNUSED_VARIABLE = YES;
				IPHONEOS_DEPLOYMENT_TARGET = 17.0;
				LOCALIZATION_PREFERS_STRING_CATALOGS = YES;
				MTL_ENABLE_DEBUG_INFO = NO;
				MTL_FAST_MATH = YES;
				SDKROOT = iphoneos;
				SWIFT_COMPILATION_MODE = wholemodule;
				VALIDATE_PRODUCT = YES;
			};
			name = Release;
		};
		BE67FD512B35DB61004C38F1 /* Debug */ = {
			isa = XCBuildConfiguration;
			buildSettings = {
				ASSETCATALOG_COMPILER_APPICON_NAME = AppIcon;
				ASSETCATALOG_COMPILER_GLOBAL_ACCENT_COLOR_NAME = AccentColor;
				CODE_SIGN_STYLE = Automatic;
				CURRENT_PROJECT_VERSION = 1;
				DEVELOPMENT_ASSET_PATHS = "\"MobilityandRehab/Preview Content\"";
				DEVELOPMENT_TEAM = C3RTRUBT8U;
				ENABLE_PREVIEWS = YES;
				GENERATE_INFOPLIST_FILE = YES;
				INFOPLIST_KEY_UIApplicationSceneManifest_Generation = YES;
				INFOPLIST_KEY_UIApplicationSupportsIndirectInputEvents = YES;
				INFOPLIST_KEY_UILaunchScreen_Generation = YES;
				INFOPLIST_KEY_UISupportedInterfaceOrientations_iPad = "UIInterfaceOrientationPortrait UIInterfaceOrientationPortraitUpsideDown UIInterfaceOrientationLandscapeLeft UIInterfaceOrientationLandscapeRight";
				INFOPLIST_KEY_UISupportedInterfaceOrientations_iPhone = "UIInterfaceOrientationPortrait UIInterfaceOrientationLandscapeLeft UIInterfaceOrientationLandscapeRight";
				LD_RUNPATH_SEARCH_PATHS = (
					"$(inherited)",
					"@executable_path/Frameworks",
				);
				MARKETING_VERSION = 1.0;
				PRODUCT_BUNDLE_IDENTIFIER = org.jhhs.6326.MobilityandRehab;
				PRODUCT_NAME = "$(TARGET_NAME)";
				SWIFT_EMIT_LOC_STRINGS = YES;
				SWIFT_VERSION = 5.0;
				TARGETED_DEVICE_FAMILY = "1,2";
			};
			name = Debug;
		};
		BE67FD522B35DB61004C38F1 /* Release */ = {
			isa = XCBuildConfiguration;
			buildSettings = {
				ASSETCATALOG_COMPILER_APPICON_NAME = AppIcon;
				ASSETCATALOG_COMPILER_GLOBAL_ACCENT_COLOR_NAME = AccentColor;
				CODE_SIGN_STYLE = Automatic;
				CURRENT_PROJECT_VERSION = 1;
				DEVELOPMENT_ASSET_PATHS = "\"MobilityandRehab/Preview Content\"";
				DEVELOPMENT_TEAM = C3RTRUBT8U;
				ENABLE_PREVIEWS = YES;
				GENERATE_INFOPLIST_FILE = YES;
				INFOPLIST_KEY_UIApplicationSceneManifest_Generation = YES;
				INFOPLIST_KEY_UIApplicationSupportsIndirectInputEvents = YES;
				INFOPLIST_KEY_UILaunchScreen_Generation = YES;
				INFOPLIST_KEY_UISupportedInterfaceOrientations_iPad = "UIInterfaceOrientationPortrait UIInterfaceOrientationPortraitUpsideDown UIInterfaceOrientationLandscapeLeft UIInterfaceOrientationLandscapeRight";
				INFOPLIST_KEY_UISupportedInterfaceOrientations_iPhone = "UIInterfaceOrientationPortrait UIInterfaceOrientationLandscapeLeft UIInterfaceOrientationLandscapeRight";
				LD_RUNPATH_SEARCH_PATHS = (
					"$(inherited)",
					"@executable_path/Frameworks",
				);
				MARKETING_VERSION = 1.0;
				PRODUCT_BUNDLE_IDENTIFIER = org.jhhs.6326.MobilityandRehab;
				PRODUCT_NAME = "$(TARGET_NAME)";
				SWIFT_EMIT_LOC_STRINGS = YES;
				SWIFT_VERSION = 5.0;
				TARGETED_DEVICE_FAMILY = "1,2";
			};
			name = Release;
		};
/* End XCBuildConfiguration section */

/* Begin XCConfigurationList section */
		BE67FD3D2B35DB5D004C38F1 /* Build configuration list for PBXProject "MobilityandRehab3" */ = {
			isa = XCConfigurationList;
			buildConfigurations = (
				BE67FD4E2B35DB61004C38F1 /* Debug */,
				BE67FD4F2B35DB61004C38F1 /* Release */,
			);
			defaultConfigurationIsVisible = 0;
			defaultConfigurationName = Release;
		};
		BE67FD502B35DB61004C38F1 /* Build configuration list for PBXNativeTarget "MobilityandRehab" */ = {
			isa = XCConfigurationList;
			buildConfigurations = (
				BE67FD512B35DB61004C38F1 /* Debug */,
				BE67FD522B35DB61004C38F1 /* Release */,
			);
			defaultConfigurationIsVisible = 0;
			defaultConfigurationName = Release;
		};
/* End XCConfigurationList section */

/* Begin XCRemoteSwiftPackageReference section */
		D91E60CD2B5ADF85005ED4CB /* XCRemoteSwiftPackageReference "firebase-ios-sdk" */ = {
			isa = XCRemoteSwiftPackageReference;
			repositoryURL = "https://github.com/firebase/firebase-ios-sdk";
			requirement = {
				kind = upToNextMajorVersion;
				minimumVersion = 10.20.0;
			};
		};
/* End XCRemoteSwiftPackageReference section */

/* Begin XCSwiftPackageProductDependency section */
		69BEFEAD2C062E88000A1B26 /* FirebaseAuth */ = {
			isa = XCSwiftPackageProductDependency;
			package = D91E60CD2B5ADF85005ED4CB /* XCRemoteSwiftPackageReference "firebase-ios-sdk" */;
			productName = FirebaseAuth;
		};
		69F306102BED2C170032773F /* FirebaseDatabase */ = {
			isa = XCSwiftPackageProductDependency;
			package = D91E60CD2B5ADF85005ED4CB /* XCRemoteSwiftPackageReference "firebase-ios-sdk" */;
			productName = FirebaseDatabase;
		};
		69F306122BED2C170032773F /* FirebaseDatabaseSwift */ = {
			isa = XCSwiftPackageProductDependency;
			package = D91E60CD2B5ADF85005ED4CB /* XCRemoteSwiftPackageReference "firebase-ios-sdk" */;
			productName = FirebaseDatabaseSwift;
		};
/* End XCSwiftPackageProductDependency section */
	};
	rootObject = BE67FD3A2B35DB5D004C38F1 /* Project object */;
}
